// !$*UTF8*$!
{
	archiveVersion = 1;
	classes = {
	};
	objectVersion = 56;
	objects = {

/* Begin PBXBuildFile section */
		915D5DAC2CA6A29700162B3B /* AppDelegate.swift in Sources */ = {isa = PBXBuildFile; fileRef = 915D5DAB2CA6A29700162B3B /* AppDelegate.swift */; };
		915D5DAE2CA6A29700162B3B /* SceneDelegate.swift in Sources */ = {isa = PBXBuildFile; fileRef = 915D5DAD2CA6A29700162B3B /* SceneDelegate.swift */; };
		915D5DB02CA6A29700162B3B /* ViewController.swift in Sources */ = {isa = PBXBuildFile; fileRef = 915D5DAF2CA6A29700162B3B /* ViewController.swift */; };
		915D5DB32CA6A29700162B3B /* Main.storyboard in Resources */ = {isa = PBXBuildFile; fileRef = 915D5DB12CA6A29700162B3B /* Main.storyboard */; };
		915D5DB52CA6A29900162B3B /* Assets.xcassets in Resources */ = {isa = PBXBuildFile; fileRef = 915D5DB42CA6A29900162B3B /* Assets.xcassets */; };
		915D5DB82CA6A29900162B3B /* LaunchScreen.storyboard in Resources */ = {isa = PBXBuildFile; fileRef = 915D5DB62CA6A29900162B3B /* LaunchScreen.storyboard */; };
		915D5DC12CA6A2D000162B3B /* LandmarkRecord.swift in Sources */ = {isa = PBXBuildFile; fileRef = 915D5DC02CA6A2D000162B3B /* LandmarkRecord.swift */; };
		915D5DC32CA6A2D000162B3B /* PhotoStorage.swift in Sources */ = {isa = PBXBuildFile; fileRef = 915D5DC22CA6A2D000162B3B /* PhotoStorage.swift */; };
		915D5DC52CA6A2D000162B3B /* LocationProvider.swift in Sources */ = {isa = PBXBuildFile; fileRef = 915D5DC42CA6A2D000162B3B /* LocationProvider.swift */; };
		915D5DC72CA6A2D000162B3B /* Persistence.swift in Sources */ = {isa = PBXBuildFile; fileRef = 915D5DC62CA6A2D000162B3B /* Persistence.swift */; };
		915D5DC92CA6A2D000162B3B /* RecordsListView.swift in Sources */ = {isa = PBXBuildFile; fileRef = 915D5DC82CA6A2D000162B3B /* RecordsListView.swift */; };
		915D5DCB2CA6A2D000162B3B /* RecordDetailView.swift in Sources */ = {isa = PBXBuildFile; fileRef = 915D5DCA2CA6A2D000162B3B /* RecordDetailView.swift */; };
		915D5DCD2CA6A2D000162B3B /* CaptureCandidate.swift in Sources */ = {isa = PBXBuildFile; fileRef = 915D5DCC2CA6A2D000162B3B /* CaptureCandidate.swift */; };
		915D5DCF2CA6A2D000162B3B /* PlaceLookup.swift in Sources */ = {isa = PBXBuildFile; fileRef = 915D5DCE2CA6A2D000162B3B /* PlaceLookup.swift */; };
		915D5DD12CA6A2D000162B3B /* CaptureClassifier.swift in Sources */ = {isa = PBXBuildFile; fileRef = 915D5DD02CA6A2D000162B3B /* CaptureClassifier.swift */; };
		915D5DD32CA6A2D000162B3B /* CaptureReviewView.swift in Sources */ = {isa = PBXBuildFile; fileRef = 915D5DD22CA6A2D000162B3B /* CaptureReviewView.swift */; };
		915D5DD52CA6A2D000162B3B /* SketchUI.swift in Sources */ = {isa = PBXBuildFile; fileRef = 915D5DD42CA6A2D000162B3B /* SketchUI.swift */; };
		915D5DF32CA6A2D000162B3B /* CaptureFlow.swift in Sources */ = {isa = PBXBuildFile; fileRef = 915D5DF22CA6A2D000162B3B /* CaptureFlow.swift */; };
/* End PBXBuildFile section */

/* Begin PBXFileReference section */
		915D5DA82CA6A29700162B3B /* RecognizeLandmark.app */ = {isa = PBXFileReference; explicitFileType = wrapper.application; includeInIndex = 0; path = RecognizeLandmark.app; sourceTree = BUILT_PRODUCTS_DIR; };
		915D5DAB2CA6A29700162B3B /* AppDelegate.swift */ = {isa = PBXFileReference; lastKnownFileType = sourcecode.swift; path = AppDelegate.swift; sourceTree = "<group>"; };
		915D5DAD2CA6A29700162B3B /* SceneDelegate.swift */ = {isa = PBXFileReference; lastKnownFileType = sourcecode.swift; path = SceneDelegate.swift; sourceTree = "<group>"; };
		915D5DAF2CA6A29700162B3B /* ViewController.swift */ = {isa = PBXFileReference; lastKnownFileType = sourcecode.swift; path = ViewController.swift; sourceTree = "<group>"; };
		915D5DB22CA6A29700162B3B /* Base */ = {isa = PBXFileReference; lastKnownFileType = file.storyboard; name = Base; path = Base.lproj/Main.storyboard; sourceTree = "<group>"; };
		915D5DB42CA6A29900162B3B /* Assets.xcassets */ = {isa = PBXFileReference; lastKnownFileType = folder.assetcatalog; path = Assets.xcassets; sourceTree = "<group>"; };
		915D5DB72CA6A29900162B3B /* Base */ = {isa = PBXFileReference; lastKnownFileType = file.storyboard; name = Base; path = Base.lproj/LaunchScreen.storyboard; sourceTree = "<group>"; };
		915D5DB92CA6A29900162B3B /* Info.plist */ = {isa = PBXFileReference; lastKnownFileType = text.plist.xml; path = Info.plist; sourceTree = "<group>"; };
		915D5DC02CA6A2D000162B3B /* LandmarkRecord.swift */ = {isa = PBXFileReference; lastKnownFileType = sourcecode.swift; path = LandmarkRecord.swift; sourceTree = "<group>"; };
		915D5DC22CA6A2D000162B3B /* PhotoStorage.swift */ = {isa = PBXFileReference; lastKnownFileType = sourcecode.swift; path = PhotoStorage.swift; sourceTree = "<group>"; };
		915D5DC42CA6A2D000162B3B /* LocationProvider.swift */ = {isa = PBXFileReference; lastKnownFileType = sourcecode.swift; path = LocationProvider.swift; sourceTree = "<group>"; };
		915D5DC62CA6A2D000162B3B /* Persistence.swift */ = {isa = PBXFileReference; lastKnownFileType = sourcecode.swift; path = Persistence.swift; sourceTree = "<group>"; };
		915D5DC82CA6A2D000162B3B /* RecordsListView.swift */ = {isa = PBXFileReference; lastKnownFileType = sourcecode.swift; path = RecordsListView.swift; sourceTree = "<group>"; };
		915D5DCA2CA6A2D000162B3B /* RecordDetailView.swift */ = {isa = PBXFileReference; lastKnownFileType = sourcecode.swift; path = RecordDetailView.swift; sourceTree = "<group>"; };
		915D5DCC2CA6A2D000162B3B /* CaptureCandidate.swift */ = {isa = PBXFileReference; lastKnownFileType = sourcecode.swift; path = CaptureCandidate.swift; sourceTree = "<group>"; };
		915D5DCE2CA6A2D000162B3B /* PlaceLookup.swift */ = {isa = PBXFileReference; lastKnownFileType = sourcecode.swift; path = PlaceLookup.swift; sourceTree = "<group>"; };
		915D5DD02CA6A2D000162B3B /* CaptureClassifier.swift */ = {isa = PBXFileReference; lastKnownFileType = sourcecode.swift; path = CaptureClassifier.swift; sourceTree = "<group>"; };
		915D5DD22CA6A2D000162B3B /* CaptureReviewView.swift */ = {isa = PBXFileReference; lastKnownFileType = sourcecode.swift; path = CaptureReviewView.swift; sourceTree = "<group>"; };
		915D5DD42CA6A2D000162B3B /* SketchUI.swift */ = {isa = PBXFileReference; lastKnownFileType = sourcecode.swift; path = SketchUI.swift; sourceTree = "<group>"; };
		915D5DF22CA6A2D000162B3B /* CaptureFlow.swift */ = {isa = PBXFileReference; lastKnownFileType = sourcecode.swift; path = CaptureFlow.swift; sourceTree = "<group>"; };
		915D5DF02CA6A2D000162B3B /* Signing.xcconfig */ = {isa = PBXFileReference; lastKnownFileType = text.xcconfig; path = Signing.xcconfig; sourceTree = "<group>"; };
		915D5DF12CA6A2D000162B3B /* Signing.local.xcconfig.example */ = {isa = PBXFileReference; lastKnownFileType = text.xcconfig; path = Signing.local.xcconfig.example; sourceTree = "<group>"; };
/* End PBXFileReference section */

/* Begin PBXFrameworksBuildPhase section */
		915D5DA52CA6A29700162B3B /* Frameworks */ = {
			isa = PBXFrameworksBuildPhase;
			buildActionMask = 2147483647;
			files = (
			);
			runOnlyForDeploymentPostprocessing = 0;
		};
/* End PBXFrameworksBuildPhase section */

/* Begin PBXGroup section */
		915D5D9F2CA6A29700162B3B = {
			isa = PBXGroup;
			children = (
				915D5DEF2CA6A2D000162B3B /* Config */,
				915D5DAA2CA6A29700162B3B /* RecognizeLandmark */,
				915D5DA92CA6A29700162B3B /* Products */,
			);
			sourceTree = "<group>";
		};
		915D5DA92CA6A29700162B3B /* Products */ = {
			isa = PBXGroup;
			children = (
				915D5DA82CA6A29700162B3B /* RecognizeLandmark.app */,
			);
			name = Products;
			sourceTree = "<group>";
		};
		915D5DAA2CA6A29700162B3B /* RecognizeLandmark */ = {
			isa = PBXGroup;
			children = (
				915D5DE12CA6A2D000162B3B /* App */,
				915D5DE22CA6A2D000162B3B /* Camera */,
				915D5DE32CA6A2D000162B3B /* CaptureReview */,
				915D5DE42CA6A2D000162B3B /* Records */,
				915D5DE52CA6A2D000162B3B /* Storage */,
				915D5DE62CA6A2D000162B3B /* Services */,
				915D5DE72CA6A2D000162B3B /* Resources */,
			);
			path = RecognizeLandmark;
			sourceTree = "<group>";
		};
		915D5DE12CA6A2D000162B3B /* App */ = {
			isa = PBXGroup;
			children = (
				915D5DAB2CA6A29700162B3B /* AppDelegate.swift */,
				915D5DAD2CA6A29700162B3B /* SceneDelegate.swift */,
			);
			path = App;
			sourceTree = "<group>";
		};
		915D5DE22CA6A2D000162B3B /* Camera */ = {
			isa = PBXGroup;
			children = (
				915D5DAF2CA6A29700162B3B /* ViewController.swift */,
				915D5DD42CA6A2D000162B3B /* SketchUI.swift */,
				915D5DF22CA6A2D000162B3B /* CaptureFlow.swift */,
			);
			path = Camera;
			sourceTree = "<group>";
		};
		915D5DE32CA6A2D000162B3B /* CaptureReview */ = {
			isa = PBXGroup;
			children = (
				915D5DCC2CA6A2D000162B3B /* CaptureCandidate.swift */,
				915D5DD02CA6A2D000162B3B /* CaptureClassifier.swift */,
				915D5DCE2CA6A2D000162B3B /* PlaceLookup.swift */,
				915D5DD22CA6A2D000162B3B /* CaptureReviewView.swift */,
			);
			path = CaptureReview;
			sourceTree = "<group>";
		};
		915D5DE42CA6A2D000162B3B /* Records */ = {
			isa = PBXGroup;
			children = (
				915D5DC82CA6A2D000162B3B /* RecordsListView.swift */,
				915D5DCA2CA6A2D000162B3B /* RecordDetailView.swift */,
			);
			path = Records;
			sourceTree = "<group>";
		};
		915D5DE52CA6A2D000162B3B /* Storage */ = {
			isa = PBXGroup;
			children = (
				915D5DC02CA6A2D000162B3B /* LandmarkRecord.swift */,
				915D5DC62CA6A2D000162B3B /* Persistence.swift */,
				915D5DC22CA6A2D000162B3B /* PhotoStorage.swift */,
			);
			path = Storage;
			sourceTree = "<group>";
		};
		915D5DE62CA6A2D000162B3B /* Services */ = {
			isa = PBXGroup;
			children = (
				915D5DC42CA6A2D000162B3B /* LocationProvider.swift */,
			);
			path = Services;
			sourceTree = "<group>";
		};
		915D5DE72CA6A2D000162B3B /* Resources */ = {
			isa = PBXGroup;
			children = (
				915D5DB12CA6A29700162B3B /* Main.storyboard */,
				915D5DB62CA6A29900162B3B /* LaunchScreen.storyboard */,
				915D5DB42CA6A29900162B3B /* Assets.xcassets */,
				915D5DB92CA6A29900162B3B /* Info.plist */,
			);
			path = Resources;
			sourceTree = "<group>";
		};
		915D5DEF2CA6A2D000162B3B /* Config */ = {
			isa = PBXGroup;
			children = (
				915D5DF02CA6A2D000162B3B /* Signing.xcconfig */,
				915D5DF12CA6A2D000162B3B /* Signing.local.xcconfig.example */,
			);
			path = Config;
			sourceTree = "<group>";
		};
/* End PBXGroup section */

/* Begin PBXNativeTarget section */
		915D5DA72CA6A29700162B3B /* RecognizeLandmark */ = {
			isa = PBXNativeTarget;
			buildConfigurationList = 915D5DBC2CA6A29900162B3B /* Build configuration list for PBXNativeTarget "RecognizeLandmark" */;
			buildPhases = (
				915D5DA42CA6A29700162B3B /* Sources */,
				915D5DA52CA6A29700162B3B /* Frameworks */,
				915D5DA62CA6A29700162B3B /* Resources */,
			);
			buildRules = (
			);
			dependencies = (
			);
			name = RecognizeLandmark;
			productName = RecognizeLandmark;
			productReference = 915D5DA82CA6A29700162B3B /* RecognizeLandmark.app */;
			productType = "com.apple.product-type.application";
		};
/* End PBXNativeTarget section */

/* Begin PBXProject section */
		915D5DA02CA6A29700162B3B /* Project object */ = {
			isa = PBXProject;
			attributes = {
				BuildIndependentTargetsInParallel = 1;
				LastSwiftUpdateCheck = 1520;
				LastUpgradeCheck = 2640;
				TargetAttributes = {
					915D5DA72CA6A29700162B3B = {
						CreatedOnToolsVersion = 15.2;
					};
				};
			};
			buildConfigurationList = 915D5DA32CA6A29700162B3B /* Build configuration list for PBXProject "RecognizeLandmark" */;
			compatibilityVersion = "Xcode 14.0";
			developmentRegion = en;
			hasScannedForEncodings = 0;
			knownRegions = (
				en,
				Base,
			);
			mainGroup = 915D5D9F2CA6A29700162B3B;
			productRefGroup = 915D5DA92CA6A29700162B3B /* Products */;
			projectDirPath = "";
			projectRoot = "";
			targets = (
				915D5DA72CA6A29700162B3B /* RecognizeLandmark */,
			);
		};
/* End PBXProject section */

/* Begin PBXResourcesBuildPhase section */
		915D5DA62CA6A29700162B3B /* Resources */ = {
			isa = PBXResourcesBuildPhase;
			buildActionMask = 2147483647;
			files = (
				915D5DB82CA6A29900162B3B /* LaunchScreen.storyboard in Resources */,
				915D5DB52CA6A29900162B3B /* Assets.xcassets in Resources */,
				915D5DB32CA6A29700162B3B /* Main.storyboard in Resources */,
			);
			runOnlyForDeploymentPostprocessing = 0;
		};
/* End PBXResourcesBuildPhase section */

/* Begin PBXSourcesBuildPhase section */
		915D5DA42CA6A29700162B3B /* Sources */ = {
			isa = PBXSourcesBuildPhase;
			buildActionMask = 2147483647;
			files = (
				915D5DB02CA6A29700162B3B /* ViewController.swift in Sources */,
				915D5DAC2CA6A29700162B3B /* AppDelegate.swift in Sources */,
				915D5DAE2CA6A29700162B3B /* SceneDelegate.swift in Sources */,
				915D5DC12CA6A2D000162B3B /* LandmarkRecord.swift in Sources */,
				915D5DC32CA6A2D000162B3B /* PhotoStorage.swift in Sources */,
				915D5DC52CA6A2D000162B3B /* LocationProvider.swift in Sources */,
				915D5DC72CA6A2D000162B3B /* Persistence.swift in Sources */,
				915D5DC92CA6A2D000162B3B /* RecordsListView.swift in Sources */,
				915D5DCB2CA6A2D000162B3B /* RecordDetailView.swift in Sources */,
				915D5DCD2CA6A2D000162B3B /* CaptureCandidate.swift in Sources */,
				915D5DCF2CA6A2D000162B3B /* PlaceLookup.swift in Sources */,
				915D5DD12CA6A2D000162B3B /* CaptureClassifier.swift in Sources */,
				915D5DD32CA6A2D000162B3B /* CaptureReviewView.swift in Sources */,
				915D5DD52CA6A2D000162B3B /* SketchUI.swift in Sources */,
				915D5DF32CA6A2D000162B3B /* CaptureFlow.swift in Sources */,
			);
			runOnlyForDeploymentPostprocessing = 0;
		};
/* End PBXSourcesBuildPhase section */

/* Begin PBXVariantGroup section */
		915D5DB12CA6A29700162B3B /* Main.storyboard */ = {
			isa = PBXVariantGroup;
			children = (
				915D5DB22CA6A29700162B3B /* Base */,
			);
			name = Main.storyboard;
			sourceTree = "<group>";
		};
		915D5DB62CA6A29900162B3B /* LaunchScreen.storyboard */ = {
			isa = PBXVariantGroup;
			children = (
				915D5DB72CA6A29900162B3B /* Base */,
			);
			name = LaunchScreen.storyboard;
			sourceTree = "<group>";
		};
/* End PBXVariantGroup section */

/* Begin XCBuildConfiguration section */
		915D5DBA2CA6A29900162B3B /* Debug */ = {
			isa = XCBuildConfiguration;
			baseConfigurationReference = 915D5DF02CA6A2D000162B3B /* Signing.xcconfig */;
			buildSettings = {
				ALWAYS_SEARCH_USER_PATHS = NO;
				ASSETCATALOG_COMPILER_GENERATE_SWIFT_ASSET_SYMBOL_EXTENSIONS = YES;
				CLANG_ANALYZER_NONNULL = YES;
				CLANG_ANALYZER_NUMBER_OBJECT_CONVERSION = YES_AGGRESSIVE;
				CLANG_CXX_LANGUAGE_STANDARD = "gnu++20";
				CLANG_ENABLE_MODULES = YES;
				CLANG_ENABLE_OBJC_ARC = YES;
				CLANG_ENABLE_OBJC_WEAK = YES;
				CLANG_WARN_BLOCK_CAPTURE_AUTORELEASING = YES;
				CLANG_WARN_BOOL_CONVERSION = YES;
				CLANG_WARN_COMMA = YES;
				CLANG_WARN_CONSTANT_CONVERSION = YES;
				CLANG_WARN_DEPRECATED_OBJC_IMPLEMENTATIONS = YES;
				CLANG_WARN_DIRECT_OBJC_ISA_USAGE = YES_ERROR;
				CLANG_WARN_DOCUMENTATION_COMMENTS = YES;
				CLANG_WARN_EMPTY_BODY = YES;
				CLANG_WARN_ENUM_CONVERSION = YES;
				CLANG_WARN_INFINITE_RECURSION = YES;
				CLANG_WARN_INT_CONVERSION = YES;
				CLANG_WARN_NON_LITERAL_NULL_CONVERSION = YES;
				CLANG_WARN_OBJC_IMPLICIT_RETAIN_SELF = YES;
				CLANG_WARN_OBJC_LITERAL_CONVERSION = YES;
				CLANG_WARN_OBJC_ROOT_CLASS = YES_ERROR;
				CLANG_WARN_QUOTED_INCLUDE_IN_FRAMEWORK_HEADER = YES;
				CLANG_WARN_RANGE_LOOP_ANALYSIS = YES;
				CLANG_WARN_STRICT_PROTOTYPES = YES;
				CLANG_WARN_SUSPICIOUS_MOVE = YES;
				CLANG_WARN_UNGUARDED_AVAILABILITY = YES_AGGRESSIVE;
				CLANG_WARN_UNREACHABLE_CODE = YES;
				CLANG_WARN__DUPLICATE_METHOD_MATCH = YES;
				COPY_PHASE_STRIP = NO;
				DEBUG_INFORMATION_FORMAT = dwarf;
				ENABLE_STRICT_OBJC_MSGSEND = YES;
				ENABLE_TESTABILITY = YES;
				ENABLE_USER_SCRIPT_SANDBOXING = YES;
				GCC_C_LANGUAGE_STANDARD = gnu17;
				GCC_DYNAMIC_NO_PIC = NO;
				GCC_NO_COMMON_BLOCKS = YES;
				GCC_OPTIMIZATION_LEVEL = 0;
				GCC_PREPROCESSOR_DEFINITIONS = (
					"DEBUG=1",
					"$(inherited)",
				);
				GCC_WARN_64_TO_32_BIT_CONVERSION = YES;
				GCC_WARN_ABOUT_RETURN_TYPE = YES_ERROR;
				GCC_WARN_UNDECLARED_SELECTOR = YES;
				GCC_WARN_UNINITIALIZED_AUTOS = YES_AGGRESSIVE;
				GCC_WARN_UNUSED_FUNCTION = YES;
				GCC_WARN_UNUSED_VARIABLE = YES;
				IPHONEOS_DEPLOYMENT_TARGET = 17.2;
				LOCALIZATION_PREFERS_STRING_CATALOGS = YES;
				MTL_ENABLE_DEBUG_INFO = INCLUDE_SOURCE;
				MTL_FAST_MATH = YES;
				ONLY_ACTIVE_ARCH = YES;
				SDKROOT = iphoneos;
				STRING_CATALOG_GENERATE_SYMBOLS = YES;
				SWIFT_ACTIVE_COMPILATION_CONDITIONS = "DEBUG $(inherited)";
				SWIFT_OPTIMIZATION_LEVEL = "-Onone";
			};
			name = Debug;
		};
		915D5DBB2CA6A29900162B3B /* Release */ = {
			isa = XCBuildConfiguration;
			baseConfigurationReference = 915D5DF02CA6A2D000162B3B /* Signing.xcconfig */;
			buildSettings = {
				ALWAYS_SEARCH_USER_PATHS = NO;
				ASSETCATALOG_COMPILER_GENERATE_SWIFT_ASSET_SYMBOL_EXTENSIONS = YES;
				CLANG_ANALYZER_NONNULL = YES;
				CLANG_ANALYZER_NUMBER_OBJECT_CONVERSION = YES_AGGRESSIVE;
				CLANG_CXX_LANGUAGE_STANDARD = "gnu++20";
				CLANG_ENABLE_MODULES = YES;
				CLANG_ENABLE_OBJC_ARC = YES;
				CLANG_ENABLE_OBJC_WEAK = YES;
				CLANG_WARN_BLOCK_CAPTURE_AUTORELEASING = YES;
				CLANG_WARN_BOOL_CONVERSION = YES;
				CLANG_WARN_COMMA = YES;
				CLANG_WARN_CONSTANT_CONVERSION = YES;
				CLANG_WARN_DEPRECATED_OBJC_IMPLEMENTATIONS = YES;
				CLANG_WARN_DIRECT_OBJC_ISA_USAGE = YES_ERROR;
				CLANG_WARN_DOCUMENTATION_COMMENTS = YES;
				CLANG_WARN_EMPTY_BODY = YES;
				CLANG_WARN_ENUM_CONVERSION = YES;
				CLANG_WARN_INFINITE_RECURSION = YES;
				CLANG_WARN_INT_CONVERSION = YES;
				CLANG_WARN_NON_LITERAL_NULL_CONVERSION = YES;
				CLANG_WARN_OBJC_IMPLICIT_RETAIN_SELF = YES;
				CLANG_WARN_OBJC_LITERAL_CONVERSION = YES;
				CLANG_WARN_OBJC_ROOT_CLASS = YES_ERROR;
				CLANG_WARN_QUOTED_INCLUDE_IN_FRAMEWORK_HEADER = YES;
				CLANG_WARN_RANGE_LOOP_ANALYSIS = YES;
				CLANG_WARN_STRICT_PROTOTYPES = YES;
				CLANG_WARN_SUSPICIOUS_MOVE = YES;
				CLANG_WARN_UNGUARDED_AVAILABILITY = YES_AGGRESSIVE;
				CLANG_WARN_UNREACHABLE_CODE = YES;
				CLANG_WARN__DUPLICATE_METHOD_MATCH = YES;
				COPY_PHASE_STRIP = NO;
				DEBUG_INFORMATION_FORMAT = "dwarf-with-dsym";
				ENABLE_NS_ASSERTIONS = NO;
				ENABLE_STRICT_OBJC_MSGSEND = YES;
				ENABLE_USER_SCRIPT_SANDBOXING = YES;
				GCC_C_LANGUAGE_STANDARD = gnu17;
				GCC_NO_COMMON_BLOCKS = YES;
				GCC_WARN_64_TO_32_BIT_CONVERSION = YES;
				GCC_WARN_ABOUT_RETURN_TYPE = YES_ERROR;
				GCC_WARN_UNDECLARED_SELECTOR = YES;
				GCC_WARN_UNINITIALIZED_AUTOS = YES_AGGRESSIVE;
				GCC_WARN_UNUSED_FUNCTION = YES;
				GCC_WARN_UNUSED_VARIABLE = YES;
				IPHONEOS_DEPLOYMENT_TARGET = 17.2;
				LOCALIZATION_PREFERS_STRING_CATALOGS = YES;
				MTL_ENABLE_DEBUG_INFO = NO;
				MTL_FAST_MATH = YES;
				SDKROOT = iphoneos;
				STRING_CATALOG_GENERATE_SYMBOLS = YES;
				SWIFT_COMPILATION_MODE = wholemodule;
				VALIDATE_PRODUCT = YES;
			};
			name = Release;
		};
		915D5DBD2CA6A29900162B3B /* Debug */ = {
			isa = XCBuildConfiguration;
			baseConfigurationReference = 915D5DF02CA6A2D000162B3B /* Signing.xcconfig */;
			buildSettings = {
				ASSETCATALOG_COMPILER_APPICON_NAME = AppIcon;
				ASSETCATALOG_COMPILER_GLOBAL_ACCENT_COLOR_NAME = AccentColor;
				CODE_SIGN_STYLE = Automatic;
				CURRENT_PROJECT_VERSION = 1;
				GENERATE_INFOPLIST_FILE = YES;
				INFOPLIST_FILE = RecognizeLandmark/Resources/Info.plist;
				INFOPLIST_KEY_UIApplicationSupportsIndirectInputEvents = YES;
				INFOPLIST_KEY_UILaunchStoryboardName = LaunchScreen;
				INFOPLIST_KEY_UISupportedInterfaceOrientations_iPad = "UIInterfaceOrientationPortrait UIInterfaceOrientationPortraitUpsideDown UIInterfaceOrientationLandscapeLeft UIInterfaceOrientationLandscapeRight";
				INFOPLIST_KEY_UISupportedInterfaceOrientations_iPhone = "UIInterfaceOrientationPortrait UIInterfaceOrientationLandscapeLeft UIInterfaceOrientationLandscapeRight";
				LD_RUNPATH_SEARCH_PATHS = (
					"$(inherited)",
					"@executable_path/Frameworks",
				);
				MARKETING_VERSION = 1.0;
				PRODUCT_NAME = "$(TARGET_NAME)";
				SWIFT_EMIT_LOC_STRINGS = YES;
				SWIFT_VERSION = 5.0;
				TARGETED_DEVICE_FAMILY = "1,2";
			};
			name = Debug;
		};
		915D5DBE2CA6A29900162B3B /* Release */ = {
			isa = XCBuildConfiguration;
			baseConfigurationReference = 915D5DF02CA6A2D000162B3B /* Signing.xcconfig */;
			buildSettings = {
				ASSETCATALOG_COMPILER_APPICON_NAME = AppIcon;
				ASSETCATALOG_COMPILER_GLOBAL_ACCENT_COLOR_NAME = AccentColor;
				CODE_SIGN_STYLE = Automatic;
				CURRENT_PROJECT_VERSION = 1;
				GENERATE_INFOPLIST_FILE = YES;
				INFOPLIST_FILE = RecognizeLandmark/Resources/Info.plist;
				INFOPLIST_KEY_UIApplicationSupportsIndirectInputEvents = YES;
				INFOPLIST_KEY_UILaunchStoryboardName = LaunchScreen;
				INFOPLIST_KEY_UISupportedInterfaceOrientations_iPad = "UIInterfaceOrientationPortrait UIInterfaceOrientationPortraitUpsideDown UIInterfaceOrientationLandscapeLeft UIInterfaceOrientationLandscapeRight";
				INFOPLIST_KEY_UISupportedInterfaceOrientations_iPhone = "UIInterfaceOrientationPortrait UIInterfaceOrientationLandscapeLeft UIInterfaceOrientationLandscapeRight";
				LD_RUNPATH_SEARCH_PATHS = (
					"$(inherited)",
					"@executable_path/Frameworks",
				);
				MARKETING_VERSION = 1.0;
				PRODUCT_NAME = "$(TARGET_NAME)";
				SWIFT_EMIT_LOC_STRINGS = YES;
				SWIFT_VERSION = 5.0;
				TARGETED_DEVICE_FAMILY = "1,2";
			};
			name = Release;
		};
/* End XCBuildConfiguration section */

/* Begin XCConfigurationList section */
		915D5DA32CA6A29700162B3B /* Build configuration list for PBXProject "RecognizeLandmark" */ = {
			isa = XCConfigurationList;
			buildConfigurations = (
				915D5DBA2CA6A29900162B3B /* Debug */,
				915D5DBB2CA6A29900162B3B /* Release */,
			);
			defaultConfigurationIsVisible = 0;
			defaultConfigurationName = Release;
		};
		915D5DBC2CA6A29900162B3B /* Build configuration list for PBXNativeTarget "RecognizeLandmark" */ = {
			isa = XCConfigurationList;
			buildConfigurations = (
				915D5DBD2CA6A29900162B3B /* Debug */,
				915D5DBE2CA6A29900162B3B /* Release */,
			);
			defaultConfigurationIsVisible = 0;
			defaultConfigurationName = Release;
		};
/* End XCConfigurationList section */
	};
	rootObject = 915D5DA02CA6A29700162B3B /* Project object */;
}
